
Microsoft Visual Studio Solution File, Format Version 12.00
# Visual Studio Version 16
VisualStudioVersion = 16.0.30523.141
MinimumVisualStudioVersion = 10.0.40219.1
Project("{FAE04EC0-301F-11D3-BF4B-00C04F79EFBC}") = "TrackerLibrary", "TrackerLibrary\TrackerLibrary.csproj", "{6AE9EDA5-FCC5-4165-8BAE-81D331CCA39C}"
EndProject
Global
	GlobalSection(SolutionConfigurationPlatforms) = preSolution
		Debug|Any CPU = Debug|Any CPU
		Release|Any CPU = Release|Any CPU
	EndGlobalSection
	GlobalSection(ProjectConfigurationPlatforms) = postSolution
		{6AE9EDA5-FCC5-4165-8BAE-81D331CCA39C}.Debug|Any CPU.ActiveCfg = Debug|Any CPU
		{6AE9EDA5-FCC5-4165-8BAE-81D331CCA39C}.Debug|Any CPU.Build.0 = Debug|Any CPU
		{6AE9EDA5-FCC5-4165-8BAE-81D331CCA39C}.Release|Any CPU.ActiveCfg = Release|Any CPU
		{6AE9EDA5-FCC5-4165-8BAE-81D331CCA39C}.Release|Any CPU.Build.0 = Release|Any CPU
	EndGlobalSection
	GlobalSection(SolutionProperties) = preSolution
		HideSolutionNode = FALSE
	EndGlobalSection
	GlobalSection(ExtensibilityGlobals) = postSolution
		SolutionGuid = {B2D16651-35AA-4EB1-8C1E-5EAE01AC9443}
	EndGlobalSection
EndGlobal
